
Microsoft Visual Studio Solution File, Format Version 12.00
# Visual Studio Version 17
VisualStudioVersion = 17.8.34330.188
MinimumVisualStudioVersion = 10.0.40219.1
Project("{FAE04EC0-301F-11D3-BF4B-00C04F79EFBC}") = "OpenWeatherMap", "OpenWeatherMap\OpenWeatherMap.csproj", "{8DBBC8D6-2418-4613-BF56-14A57E4275EE}"
EndProject
Global
	GlobalSection(SolutionConfigurationPlatforms) = preSolution
		Debug|Any CPU = Debug|Any CPU
		Release|Any CPU = Release|Any CPU
	EndGlobalSection
	GlobalSection(ProjectConfigurationPlatforms) = postSolution
		{8DBBC8D6-2418-4613-BF56-14A57E4275EE}.Debug|Any CPU.ActiveCfg = Debug|Any CPU
		{8DBBC8D6-2418-4613-BF56-14A57E4275EE}.Debug|Any CPU.Build.0 = Debug|Any CPU
		{8DBBC8D6-2418-4613-BF56-14A57E4275EE}.Release|Any CPU.ActiveCfg = Release|Any CPU
		{8DBBC8D6-2418-4613-BF56-14A57E4275EE}.Release|Any CPU.Build.0 = Release|Any CPU
	EndGlobalSection
	GlobalSection(SolutionProperties) = preSolution
		HideSolutionNode = FALSE
	EndGlobalSection
	GlobalSection(ExtensibilityGlobals) = postSolution
		SolutionGuid = {FBB141E4-FEDB-4CEB-922F-2BE39E865815}
	EndGlobalSection
EndGlobal
